<Solution>
  <Folder Name="/Task0/">
    <Project Path="Tyuiu.YushkovAI.Sprint1.Task0.V4.Lib/Tyuiu.YushkovAI.Sprint1.Task0.V4.Lib.csproj" Id="ddf3b3b2-190c-48fd-8731-f5f603244857" />
    <Project Path="Tyuiu.YushkovAI.Sprint1.Task0.V4.Test/Tyuiu.YushkovAI.Sprint1.Task0.V4.Test.csproj" Id="7aa77b8e-3d7b-4a64-8192-14bda2826f30" />
    <Project Path="Tyuiu.YushkovAI.Sprint1.Task0.V4/Tyuiu.YushkovAI.Sprint1.Task0.V4.csproj" Id="acc56b07-c205-4a5d-92d0-9deda5280911" />
  </Folder>
  <Folder Name="/Task1/">
    <Project Path="Tyuiu.YushkovAI.Sprint1.Task1.V12.Lib/Tyuiu.YushkovAI.Sprint1.Task1.V12.Lib.csproj" />
    <Project Path="Tyuiu.YushkovAI.Sprint1.Task1.V12.Test/Tyuiu.YushkovAI.Sprint1.Task1.V12.Test.csproj" />
    <Project Path="Tyuiu.YushkovAI.Sprint1.Task1.V12/Tyuiu.YushkovAI.Sprint1.Task1.V12.csproj" />
  </Folder>
  <Folder Name="/Task2/">
    <Project Path="Tyuiu.YushkovAI.Sprint1.Task2.V12.Lib/Tyuiu.YushkovAI.Sprint1.Task2.V12.Lib.csproj" />
    <Project Path="Tyuiu.YushkovAI.Sprint1.Task2.V12.Test/Tyuiu.YushkovAI.Sprint1.Task2.V12.Test.csproj" />
    <Project Path="Tyuiu.YushkovAI.Sprint1.Task2.V12/Tyuiu.YushkovAI.Sprint1.Task2.V12.csproj" />
  </Folder>
  <Folder Name="/Task3/">
    <Project Path="Tyuiu.YushkovAI.Sprint1.Task3.V6.Lib/Tyuiu.YushkovAI.Sprint1.Task3.V6.Lib.csproj" />
    <Project Path="Tyuiu.YushkovAI.Sprint1.Task3.V6.Test/Tyuiu.YushkovAI.Sprint1.Task3.V6.Test.csproj" />
    <Project Path="Tyuiu.YushkovAI.Sprint1.Task3.V6/Tyuiu.YushkovAI.Sprint1.Task3.V6.csproj" />
  </Folder>
  <Folder Name="/Task4/">
    <Project Path="Tyuiu.YushkovAI.Sprint1.Task4.V1.Lib/Tyuiu.YushkovAI.Sprint1.Task4.V1.Lib.csproj" />
    <Project Path="Tyuiu.YushkovAI.Sprint1.Task4.V1.Test/Tyuiu.YushkovAI.Sprint1.Task4.V1.Test.csproj" />
    <Project Path="Tyuiu.YushkovAI.Sprint1.Task4.V1/Tyuiu.YushkovAI.Sprint1.Task4.V1.csproj" />
  </Folder>
  <Folder Name="/Task5/">
    <Project Path="Tyuiu.YushkovAI.Sprint1.Task5.V6.Lib/Tyuiu.YushkovAI.Sprint1.Task5.V6.Lib.csproj" />
    <Project Path="Tyuiu.YushkovAI.Sprint1.Task5.V6.Test/Tyuiu.YushkovAI.Sprint1.Task5.V6.Test.csproj" />
    <Project Path="Tyuiu.YushkovAI.Sprint1.Task5.V6/Tyuiu.YushkovAI.Sprint1.Task5.V6.csproj" />
  </Folder>
</Solution>
